{
  "requires": true,
  "lockfileVersion": 1,
  "dependencies": {
    "jquery": {
      "version": "3.2.1",
      "resolved": "https://registry.npmjs.org/jquery/-/jquery-3.2.1.tgz",
      "integrity": "sha1-XE2d5lKvbNCncBVKYxu6ErAVx4c="
    },
    "jquery.urianchor": {
      "version": "1.3.5",
      "resolved": "https://registry.npmjs.org/jquery.urianchor/-/jquery.urianchor-1.3.5.tgz",
      "integrity": "sha1-gk+0KZGh9OfeNb6DBf5b3eo6hCc=",
      "requires": {
        "jquery": "3.2.1"
      }
    }
  }
}
